// !$*UTF8*$!
{
	archiveVersion = 1;
	classes = {
	};
	objectVersion = 46;
	objects = {

/* Begin PBXBuildFile section */
		1584B50B1B229B3F00EF9DA3 /* main.m in Sources */ = {isa = PBXBuildFile; fileRef = 1584B50A1B229B3F00EF9DA3 /* main.m */; };
		1584B50E1B229B3F00EF9DA3 /* AppDelegate.m in Sources */ = {isa = PBXBuildFile; fileRef = 1584B50D1B229B3F00EF9DA3 /* AppDelegate.m */; };
		1584B5111B229B3F00EF9DA3 /* ViewController.m in Sources */ = {isa = PBXBuildFile; fileRef = 1584B5101B229B3F00EF9DA3 /* ViewController.m */; };
		1584B5141B229B3F00EF9DA3 /* Main.storyboard in Resources */ = {isa = PBXBuildFile; fileRef = 1584B5121B229B3F00EF9DA3 /* Main.storyboard */; };
		1584B5161B229B3F00EF9DA3 /* Images.xcassets in Resources */ = {isa = PBXBuildFile; fileRef = 1584B5151B229B3F00EF9DA3 /* Images.xcassets */; };
		1584B5191B229B3F00EF9DA3 /* LaunchScreen.xib in Resources */ = {isa = PBXBuildFile; fileRef = 1584B5171B229B3F00EF9DA3 /* LaunchScreen.xib */; };
/* End PBXBuildFile section */

/* Begin PBXFileReference section */
		1584B5051B229B3F00EF9DA3 /* TravisTest.app */ = {isa = PBXFileReference; explicitFileType = wrapper.application; includeInIndex = 0; path = TravisTest.app; sourceTree = BUILT_PRODUCTS_DIR; };
		1584B5091B229B3F00EF9DA3 /* Info.plist */ = {isa = PBXFileReference; lastKnownFileType = text.plist.xml; path = Info.plist; sourceTree = "<group>"; };
		1584B50A1B229B3F00EF9DA3 /* main.m */ = {isa = PBXFileReference; lastKnownFileType = sourcecode.c.objc; path = main.m; sourceTree = "<group>"; };
		1584B50C1B229B3F00EF9DA3 /* AppDelegate.h */ = {isa = PBXFileReference; lastKnownFileType = sourcecode.c.h; path = AppDelegate.h; sourceTree = "<group>"; };
		1584B50D1B229B3F00EF9DA3 /* AppDelegate.m */ = {isa = PBXFileReference; lastKnownFileType = sourcecode.c.objc; path = AppDelegate.m; sourceTree = "<group>"; };
		1584B50F1B229B3F00EF9DA3 /* ViewController.h */ = {isa = PBXFileReference; lastKnownFileType = sourcecode.c.h; path = ViewController.h; sourceTree = "<group>"; };
		1584B5101B229B3F00EF9DA3 /* ViewController.m */ = {isa = PBXFileReference; lastKnownFileType = sourcecode.c.objc; path = ViewController.m; sourceTree = "<group>"; };
		1584B5131B229B3F00EF9DA3 /* Base */ = {isa = PBXFileReference; lastKnownFileType = file.storyboard; name = Base; path = Base.lproj/Main.storyboard; sourceTree = "<group>"; };
		1584B5151B229B3F00EF9DA3 /* Images.xcassets */ = {isa = PBXFileReference; lastKnownFileType = folder.assetcatalog; path = Images.xcassets; sourceTree = "<group>"; };
		1584B5181B229B3F00EF9DA3 /* Base */ = {isa = PBXFileReference; lastKnownFileType = file.xib; name = Base; path = Base.lproj/LaunchScreen.xib; sourceTree = "<group>"; };
		1584B5231B229B3F00EF9DA3 /* Info.plist */ = {isa = PBXFileReference; lastKnownFileType = text.plist.xml; path = Info.plist; sourceTree = "<group>"; };
		1584B5241B229B3F00EF9DA3 /* TravisTestTests.m */ = {isa = PBXFileReference; lastKnownFileType = sourcecode.c.objc; path = TravisTestTests.m; sourceTree = "<group>"; };
/* End PBXFileReference section */

/* Begin PBXFrameworksBuildPhase section */
		1584B5021B229B3F00EF9DA3 /* Frameworks */ = {
			isa = PBXFrameworksBuildPhase;
			buildActionMask = 2147483647;
			files = (
			);
			runOnlyForDeploymentPostprocessing = 0;
		};
/* End PBXFrameworksBuildPhase section */

/* Begin PBXGroup section */
		1584B4FC1B229B3F00EF9DA3 = {
			isa = PBXGroup;
			children = (
				1584B5071B229B3F00EF9DA3 /* TravisTest */,
				1584B5211B229B3F00EF9DA3 /* TravisTestTests */,
				1584B5061B229B3F00EF9DA3 /* Products */,
			);
			sourceTree = "<group>";
		};
		1584B5061B229B3F00EF9DA3 /* Products */ = {
			isa = PBXGroup;
			children = (
				1584B5051B229B3F00EF9DA3 /* TravisTest.app */,
			);
			name = Products;
			sourceTree = "<group>";
		};
		1584B5071B229B3F00EF9DA3 /* TravisTest */ = {
			isa = PBXGroup;
			children = (
				1584B50C1B229B3F00EF9DA3 /* AppDelegate.h */,
				1584B50D1B229B3F00EF9DA3 /* AppDelegate.m */,
				1584B50F1B229B3F00EF9DA3 /* ViewController.h */,
				1584B5101B229B3F00EF9DA3 /* ViewController.m */,
				1584B5121B229B3F00EF9DA3 /* Main.storyboard */,
				1584B5151B229B3F00EF9DA3 /* Images.xcassets */,
				1584B5171B229B3F00EF9DA3 /* LaunchScreen.xib */,
				1584B5081B229B3F00EF9DA3 /* Supporting Files */,
			);
			path = TravisTest;
			sourceTree = "<group>";
		};
		1584B5081B229B3F00EF9DA3 /* Supporting Files */ = {
			isa = PBXGroup;
			children = (
				1584B5091B229B3F00EF9DA3 /* Info.plist */,
				1584B50A1B229B3F00EF9DA3 /* main.m */,
			);
			name = "Supporting Files";
			sourceTree = "<group>";
		};
		1584B5211B229B3F00EF9DA3 /* TravisTestTests */ = {
			isa = PBXGroup;
			children = (
				1584B5241B229B3F00EF9DA3 /* TravisTestTests.m */,
				1584B5221B229B3F00EF9DA3 /* Supporting Files */,
			);
			path = TravisTestTests;
			sourceTree = "<group>";
		};
		1584B5221B229B3F00EF9DA3 /* Supporting Files */ = {
			isa = PBXGroup;
			children = (
				1584B5231B229B3F00EF9DA3 /* Info.plist */,
			);
			name = "Supporting Files";
			sourceTree = "<group>";
		};
/* End PBXGroup section */

/* Begin PBXNativeTarget section */
		1584B5041B229B3F00EF9DA3 /* TravisTest */ = {
			isa = PBXNativeTarget;
			buildConfigurationList = 1584B5281B229B3F00EF9DA3 /* Build configuration list for PBXNativeTarget "TravisTest" */;
			buildPhases = (
				1584B5011B229B3F00EF9DA3 /* Sources */,
				1584B5021B229B3F00EF9DA3 /* Frameworks */,
				1584B5031B229B3F00EF9DA3 /* Resources */,
			);
			buildRules = (
			);
			dependencies = (
			);
			name = TravisTest;
			productName = TravisTest;
			productReference = 1584B5051B229B3F00EF9DA3 /* TravisTest.app */;
			productType = "com.apple.product-type.application";
		};
/* End PBXNativeTarget section */

/* Begin PBXProject section */
		1584B4FD1B229B3F00EF9DA3 /* Project object */ = {
			isa = PBXProject;
			attributes = {
				LastUpgradeCheck = 0630;
				ORGANIZATIONNAME = "Erik Villegas";
				TargetAttributes = {
					1584B5041B229B3F00EF9DA3 = {
						CreatedOnToolsVersion = 6.3.2;
					};
				};
			};
			buildConfigurationList = 1584B5001B229B3F00EF9DA3 /* Build configuration list for PBXProject "TravisTest" */;
			compatibilityVersion = "Xcode 3.2";
			developmentRegion = English;
			hasScannedForEncodings = 0;
			knownRegions = (
				en,
				Base,
			);
			mainGroup = 1584B4FC1B229B3F00EF9DA3;
			productRefGroup = 1584B5061B229B3F00EF9DA3 /* Products */;
			projectDirPath = "";
			projectRoot = "";
			targets = (
				1584B5041B229B3F00EF9DA3 /* TravisTest */,
			);
		};
/* End PBXProject section */

/* Begin PBXResourcesBuildPhase section */
		1584B5031B229B3F00EF9DA3 /* Resources */ = {
			isa = PBXResourcesBuildPhase;
			buildActionMask = 2147483647;
			files = (
				1584B5141B229B3F00EF9DA3 /* Main.storyboard in Resources */,
				1584B5191B229B3F00EF9DA3 /* LaunchScreen.xib in Resources */,
				1584B5161B229B3F00EF9DA3 /* Images.xcassets in Resources */,
			);
			runOnlyForDeploymentPostprocessing = 0;
		};
/* End PBXResourcesBuildPhase section */

/* Begin PBXSourcesBuildPhase section */
		1584B5011B229B3F00EF9DA3 /* Sources */ = {
			isa = PBXSourcesBuildPhase;
			buildActionMask = 2147483647;
			files = (
				1584B5111B229B3F00EF9DA3 /* ViewController.m in Sources */,
				1584B50E1B229B3F00EF9DA3 /* AppDelegate.m in Sources */,
				1584B50B1B229B3F00EF9DA3 /* main.m in Sources */,
			);
			runOnlyForDeploymentPostprocessing = 0;
		};
/* End PBXSourcesBuildPhase section */

/* Begin PBXVariantGroup section */
		1584B5121B229B3F00EF9DA3 /* Main.storyboard */ = {
			isa = PBXVariantGroup;
			children = (
				1584B5131B229B3F00EF9DA3 /* Base */,
			);
			name = Main.storyboard;
			sourceTree = "<group>";
		};
		1584B5171B229B3F00EF9DA3 /* LaunchScreen.xib */ = {
			isa = PBXVariantGroup;
			children = (
				1584B5181B229B3F00EF9DA3 /* Base */,
			);
			name = LaunchScreen.xib;
			sourceTree = "<group>";
		};
/* End PBXVariantGroup section */

/* Begin XCBuildConfiguration section */
		1584B5261B229B3F00EF9DA3 /* Debug */ = {
			isa = XCBuildConfiguration;
			buildSettings = {
				ALWAYS_SEARCH_USER_PATHS = NO;
				CLANG_CXX_LANGUAGE_STANDARD = "gnu++0x";
				CLANG_CXX_LIBRARY = "libc++";
				CLANG_ENABLE_MODULES = YES;
				CLANG_ENABLE_OBJC_ARC = YES;
				CLANG_WARN_BOOL_CONVERSION = YES;
				CLANG_WARN_CONSTANT_CONVERSION = YES;
				CLANG_WARN_DIRECT_OBJC_ISA_USAGE = YES_ERROR;
				CLANG_WARN_EMPTY_BODY = YES;
				CLANG_WARN_ENUM_CONVERSION = YES;
				CLANG_WARN_INT_CONVERSION = YES;
				CLANG_WARN_OBJC_ROOT_CLASS = YES_ERROR;
				CLANG_WARN_UNREACHABLE_CODE = YES;
				CLANG_WARN__DUPLICATE_METHOD_MATCH = YES;
				"CODE_SIGN_IDENTITY[sdk=iphoneos*]" = "iPhone Developer";
				COPY_PHASE_STRIP = NO;
				DEBUG_INFORMATION_FORMAT = "dwarf-with-dsym";
				ENABLE_STRICT_OBJC_MSGSEND = YES;
				GCC_C_LANGUAGE_STANDARD = gnu99;
				GCC_DYNAMIC_NO_PIC = NO;
				GCC_NO_COMMON_BLOCKS = YES;
				GCC_OPTIMIZATION_LEVEL = 0;
				GCC_PREPROCESSOR_DEFINITIONS = (
					"DEBUG=1",
					"$(inherited)",
				);
				GCC_SYMBOLS_PRIVATE_EXTERN = NO;
				GCC_WARN_64_TO_32_BIT_CONVERSION = YES;
				GCC_WARN_ABOUT_RETURN_TYPE = YES_ERROR;
				GCC_WARN_UNDECLARED_SELECTOR = YES;
				GCC_WARN_UNINITIALIZED_AUTOS = YES_AGGRESSIVE;
				GCC_WARN_UNUSED_FUNCTION = YES;
				GCC_WARN_UNUSED_VARIABLE = YES;
				IPHONEOS_DEPLOYMENT_TARGET = 8.3;
				MTL_ENABLE_DEBUG_INFO = YES;
				ONLY_ACTIVE_ARCH = YES;
				SDKROOT = iphoneos;
				TARGETED_DEVICE_FAMILY = "1,2";
			};
			name = Debug;
		};
		1584B5271B229B3F00EF9DA3 /* Release */ = {
			isa = XCBuildConfiguration;
			buildSettings = {
				ALWAYS_SEARCH_USER_PATHS = NO;
				CLANG_CXX_LANGUAGE_STANDARD = "gnu++0x";
				CLANG_CXX_LIBRARY = "libc++";
				CLANG_ENABLE_MODULES = YES;
				CLANG_ENABLE_OBJC_ARC = YES;
				CLANG_WARN_BOOL_CONVERSION = YES;
				CLANG_WARN_CONSTANT_CONVERSION = YES;
				CLANG_WARN_DIRECT_OBJC_ISA_USAGE = YES_ERROR;
				CLANG_WARN_EMPTY_BODY = YES;
				CLANG_WARN_ENUM_CONVERSION = YES;
				CLANG_WARN_INT_CONVERSION = YES;
				CLANG_WARN_OBJC_ROOT_CLASS = YES_ERROR;
				CLANG_WARN_UNREACHABLE_CODE = YES;
				CLANG_WARN__DUPLICATE_METHOD_MATCH = YES;
				"CODE_SIGN_IDENTITY[sdk=iphoneos*]" = "iPhone Developer";
				COPY_PHASE_STRIP = NO;
				DEBUG_INFORMATION_FORMAT = "dwarf-with-dsym";
				ENABLE_NS_ASSERTIONS = NO;
				ENABLE_STRICT_OBJC_MSGSEND = YES;
				GCC_C_LANGUAGE_STANDARD = gnu99;
				GCC_NO_COMMON_BLOCKS = YES;
				GCC_WARN_64_TO_32_BIT_CONVERSION = YES;
				GCC_WARN_ABOUT_RETURN_TYPE = YES_ERROR;
				GCC_WARN_UNDECLARED_SELECTOR = YES;
				GCC_WARN_UNINITIALIZED_AUTOS = YES_AGGRESSIVE;
				GCC_WARN_UNUSED_FUNCTION = YES;
				GCC_WARN_UNUSED_VARIABLE = YES;
				IPHONEOS_DEPLOYMENT_TARGET = 8.3;
				MTL_ENABLE_DEBUG_INFO = NO;
				SDKROOT = iphoneos;
				TARGETED_DEVICE_FAMILY = "1,2";
				VALIDATE_PRODUCT = YES;
			};
			name = Release;
		};
		1584B5291B229B3F00EF9DA3 /* Debug */ = {
			isa = XCBuildConfiguration;
			buildSettings = {
				ASSETCATALOG_COMPILER_APPICON_NAME = AppIcon;
				CODE_SIGN_IDENTITY = "iPhone Distribution: Erik Villegas (4Y3DH4MJR2)";
				"CODE_SIGN_IDENTITY[sdk=iphoneos*]" = "iPhone Distribution: Erik Villegas (4Y3DH4MJR2)";
				INFOPLIST_FILE = TravisTest/Info.plist;
				IPHONEOS_DEPLOYMENT_TARGET = 8.1;
				LD_RUNPATH_SEARCH_PATHS = "$(inherited) @executable_path/Frameworks";
				PRODUCT_NAME = "$(TARGET_NAME)";
				PROVISIONING_PROFILE = "089aa135-296b-483d-89d5-db4099e28382";
			};
			name = Debug;
		};
		1584B52A1B229B3F00EF9DA3 /* Release */ = {
			isa = XCBuildConfiguration;
			buildSettings = {
				ASSETCATALOG_COMPILER_APPICON_NAME = AppIcon;
				CODE_SIGN_IDENTITY = "iPhone Distribution: Erik Villegas (4Y3DH4MJR2)";
				"CODE_SIGN_IDENTITY[sdk=iphoneos*]" = "iPhone Distribution: Erik Villegas (4Y3DH4MJR2)";
				INFOPLIST_FILE = TravisTest/Info.plist;
				IPHONEOS_DEPLOYMENT_TARGET = 8.1;
				LD_RUNPATH_SEARCH_PATHS = "$(inherited) @executable_path/Frameworks";
				PRODUCT_NAME = "$(TARGET_NAME)";
				PROVISIONING_PROFILE = "089aa135-296b-483d-89d5-db4099e28382";
			};
			name = Release;
		};
/* End XCBuildConfiguration section */

/* Begin XCConfigurationList section */
		1584B5001B229B3F00EF9DA3 /* Build configuration list for PBXProject "TravisTest" */ = {
			isa = XCConfigurationList;
			buildConfigurations = (
				1584B5261B229B3F00EF9DA3 /* Debug */,
				1584B5271B229B3F00EF9DA3 /* Release */,
			);
			defaultConfigurationIsVisible = 0;
			defaultConfigurationName = Release;
		};
		1584B5281B229B3F00EF9DA3 /* Build configuration list for PBXNativeTarget "TravisTest" */ = {
			isa = XCConfigurationList;
			buildConfigurations = (
				1584B5291B229B3F00EF9DA3 /* Debug */,
				1584B52A1B229B3F00EF9DA3 /* Release */,
			);
			defaultConfigurationIsVisible = 0;
		};
/* End XCConfigurationList section */
	};
	rootObject = 1584B4FD1B229B3F00EF9DA3 /* Project object */;
}
